
Microsoft Visual Studio Solution File, Format Version 12.00
# Visual Studio 15
VisualStudioVersion = 15.0.28307.489
MinimumVisualStudioVersion = 10.0.40219.1
Project("{FAE04EC0-301F-11D3-BF4B-00C04F79EFBC}") = "type_coord", "type_coord\type_coord.csproj", "{EC1F3CF6-D8ED-450D-8510-B1ADF969A433}"
EndProject
Global
	GlobalSection(SolutionConfigurationPlatforms) = preSolution
		Debug|Any CPU = Debug|Any CPU
		Release|Any CPU = Release|Any CPU
	EndGlobalSection
	GlobalSection(ProjectConfigurationPlatforms) = postSolution
		{EC1F3CF6-D8ED-450D-8510-B1ADF969A433}.Debug|Any CPU.ActiveCfg = Debug|Any CPU
		{EC1F3CF6-D8ED-450D-8510-B1ADF969A433}.Debug|Any CPU.Build.0 = Debug|Any CPU
		{EC1F3CF6-D8ED-450D-8510-B1ADF969A433}.Release|Any CPU.ActiveCfg = Release|Any CPU
		{EC1F3CF6-D8ED-450D-8510-B1ADF969A433}.Release|Any CPU.Build.0 = Release|Any CPU
	EndGlobalSection
	GlobalSection(SolutionProperties) = preSolution
		HideSolutionNode = FALSE
	EndGlobalSection
	GlobalSection(ExtensibilityGlobals) = postSolution
		SolutionGuid = {1E8CAD01-C37E-4C8F-ACBF-F98A6D2DB119}
	EndGlobalSection
EndGlobal
